// !$*UTF8*$!
{
	archiveVersion = 1;
	classes = {
	};
	objectVersion = 50;
	objects = {

/* Begin PBXBuildFile section */
		CE28B5DA208033F8006D9315 /* AppDelegate.swift in Sources */ = {isa = PBXBuildFile; fileRef = CE28B5D9208033F8006D9315 /* AppDelegate.swift */; };
		CE28B5DC208033F8006D9315 /* ViewController.swift in Sources */ = {isa = PBXBuildFile; fileRef = CE28B5DB208033F8006D9315 /* ViewController.swift */; };
		CE28B5DF208033F8006D9315 /* Main.storyboard in Resources */ = {isa = PBXBuildFile; fileRef = CE28B5DD208033F8006D9315 /* Main.storyboard */; };
		CE28B5E1208033FB006D9315 /* Assets.xcassets in Resources */ = {isa = PBXBuildFile; fileRef = CE28B5E0208033FB006D9315 /* Assets.xcassets */; };
		CE28B5E4208033FB006D9315 /* LaunchScreen.storyboard in Resources */ = {isa = PBXBuildFile; fileRef = CE28B5E2208033FB006D9315 /* LaunchScreen.storyboard */; };
		CE28B5EC20803BD2006D9315 /* SuperStackViewController.swift in Sources */ = {isa = PBXBuildFile; fileRef = CE28B5EB20803BD2006D9315 /* SuperStackViewController.swift */; };
		CE28B5EE20806F99006D9315 /* UsernameDisparityViewController.swift in Sources */ = {isa = PBXBuildFile; fileRef = CE28B5ED20806F99006D9315 /* UsernameDisparityViewController.swift */; };
		CE28B5F02080D4B0006D9315 /* AdorableStringViewController.swift in Sources */ = {isa = PBXBuildFile; fileRef = CE28B5EF2080D4B0006D9315 /* AdorableStringViewController.swift */; };
		CE28B5F22081BAC2006D9315 /* CuttingMetalSurplusViewController.swift in Sources */ = {isa = PBXBuildFile; fileRef = CE28B5F12081BAC2006D9315 /* CuttingMetalSurplusViewController.swift */; };
		CE28B5F42081EF73006D9315 /* MoneyCollection ViewController.swift in Sources */ = {isa = PBXBuildFile; fileRef = CE28B5F32081EF73006D9315 /* MoneyCollection ViewController.swift */; };
		CE28B5F620822BD9006D9315 /* PalindromeCounterViewController.swift in Sources */ = {isa = PBXBuildFile; fileRef = CE28B5F520822BD9006D9315 /* PalindromeCounterViewController.swift */; };
		CE28B5F820827009006D9315 /* MaxDifferenceInArrayViewController.swift in Sources */ = {isa = PBXBuildFile; fileRef = CE28B5F720827009006D9315 /* MaxDifferenceInArrayViewController.swift */; };
		CE28B5FA20828C47006D9315 /* MagicalVowelsViewController.swift in Sources */ = {isa = PBXBuildFile; fileRef = CE28B5F920828C47006D9315 /* MagicalVowelsViewController.swift */; };
/* End PBXBuildFile section */

/* Begin PBXFileReference section */
		CE28B5D6208033F8006D9315 /* iOS Test - Rashed Nizam.app */ = {isa = PBXFileReference; explicitFileType = wrapper.application; includeInIndex = 0; path = "iOS Test - Rashed Nizam.app"; sourceTree = BUILT_PRODUCTS_DIR; };
		CE28B5D9208033F8006D9315 /* AppDelegate.swift */ = {isa = PBXFileReference; lastKnownFileType = sourcecode.swift; path = AppDelegate.swift; sourceTree = "<group>"; };
		CE28B5DB208033F8006D9315 /* ViewController.swift */ = {isa = PBXFileReference; lastKnownFileType = sourcecode.swift; path = ViewController.swift; sourceTree = "<group>"; };
		CE28B5DE208033F8006D9315 /* Base */ = {isa = PBXFileReference; lastKnownFileType = file.storyboard; name = Base; path = Base.lproj/Main.storyboard; sourceTree = "<group>"; };
		CE28B5E0208033FB006D9315 /* Assets.xcassets */ = {isa = PBXFileReference; lastKnownFileType = folder.assetcatalog; path = Assets.xcassets; sourceTree = "<group>"; };
		CE28B5E3208033FB006D9315 /* Base */ = {isa = PBXFileReference; lastKnownFileType = file.storyboard; name = Base; path = Base.lproj/LaunchScreen.storyboard; sourceTree = "<group>"; };
		CE28B5E5208033FB006D9315 /* Info.plist */ = {isa = PBXFileReference; lastKnownFileType = text.plist.xml; path = Info.plist; sourceTree = "<group>"; };
		CE28B5EB20803BD2006D9315 /* SuperStackViewController.swift */ = {isa = PBXFileReference; lastKnownFileType = sourcecode.swift; path = SuperStackViewController.swift; sourceTree = "<group>"; };
		CE28B5ED20806F99006D9315 /* UsernameDisparityViewController.swift */ = {isa = PBXFileReference; lastKnownFileType = sourcecode.swift; path = UsernameDisparityViewController.swift; sourceTree = "<group>"; };
		CE28B5EF2080D4B0006D9315 /* AdorableStringViewController.swift */ = {isa = PBXFileReference; lastKnownFileType = sourcecode.swift; path = AdorableStringViewController.swift; sourceTree = "<group>"; };
		CE28B5F12081BAC2006D9315 /* CuttingMetalSurplusViewController.swift */ = {isa = PBXFileReference; lastKnownFileType = sourcecode.swift; path = CuttingMetalSurplusViewController.swift; sourceTree = "<group>"; };
		CE28B5F32081EF73006D9315 /* MoneyCollection ViewController.swift */ = {isa = PBXFileReference; lastKnownFileType = sourcecode.swift; path = "MoneyCollection ViewController.swift"; sourceTree = "<group>"; };
		CE28B5F520822BD9006D9315 /* PalindromeCounterViewController.swift */ = {isa = PBXFileReference; lastKnownFileType = sourcecode.swift; path = PalindromeCounterViewController.swift; sourceTree = "<group>"; };
		CE28B5F720827009006D9315 /* MaxDifferenceInArrayViewController.swift */ = {isa = PBXFileReference; lastKnownFileType = sourcecode.swift; path = MaxDifferenceInArrayViewController.swift; sourceTree = "<group>"; };
		CE28B5F920828C47006D9315 /* MagicalVowelsViewController.swift */ = {isa = PBXFileReference; lastKnownFileType = sourcecode.swift; path = MagicalVowelsViewController.swift; sourceTree = "<group>"; };
/* End PBXFileReference section */

/* Begin PBXFrameworksBuildPhase section */
		CE28B5D3208033F8006D9315 /* Frameworks */ = {
			isa = PBXFrameworksBuildPhase;
			buildActionMask = 2147483647;
			files = (
			);
			runOnlyForDeploymentPostprocessing = 0;
		};
/* End PBXFrameworksBuildPhase section */

/* Begin PBXGroup section */
		CE28B5CD208033F8006D9315 = {
			isa = PBXGroup;
			children = (
				CE28B5D8208033F8006D9315 /* iOS Test - Rashed Nizam */,
				CE28B5D7208033F8006D9315 /* Products */,
			);
			sourceTree = "<group>";
		};
		CE28B5D7208033F8006D9315 /* Products */ = {
			isa = PBXGroup;
			children = (
				CE28B5D6208033F8006D9315 /* iOS Test - Rashed Nizam.app */,
			);
			name = Products;
			sourceTree = "<group>";
		};
		CE28B5D8208033F8006D9315 /* iOS Test - Rashed Nizam */ = {
			isa = PBXGroup;
			children = (
				CE28B5D9208033F8006D9315 /* AppDelegate.swift */,
				CE28B5DB208033F8006D9315 /* ViewController.swift */,
				CE28B5EB20803BD2006D9315 /* SuperStackViewController.swift */,
				CE28B5ED20806F99006D9315 /* UsernameDisparityViewController.swift */,
				CE28B5EF2080D4B0006D9315 /* AdorableStringViewController.swift */,
				CE28B5F12081BAC2006D9315 /* CuttingMetalSurplusViewController.swift */,
				CE28B5F32081EF73006D9315 /* MoneyCollection ViewController.swift */,
				CE28B5F520822BD9006D9315 /* PalindromeCounterViewController.swift */,
				CE28B5F720827009006D9315 /* MaxDifferenceInArrayViewController.swift */,
				CE28B5F920828C47006D9315 /* MagicalVowelsViewController.swift */,
				CE28B5DD208033F8006D9315 /* Main.storyboard */,
				CE28B5E0208033FB006D9315 /* Assets.xcassets */,
				CE28B5E2208033FB006D9315 /* LaunchScreen.storyboard */,
				CE28B5E5208033FB006D9315 /* Info.plist */,
			);
			path = "iOS Test - Rashed Nizam";
			sourceTree = "<group>";
		};
/* End PBXGroup section */

/* Begin PBXNativeTarget section */
		CE28B5D5208033F8006D9315 /* iOS Test - Rashed Nizam */ = {
			isa = PBXNativeTarget;
			buildConfigurationList = CE28B5E8208033FB006D9315 /* Build configuration list for PBXNativeTarget "iOS Test - Rashed Nizam" */;
			buildPhases = (
				CE28B5D2208033F8006D9315 /* Sources */,
				CE28B5D3208033F8006D9315 /* Frameworks */,
				CE28B5D4208033F8006D9315 /* Resources */,
			);
			buildRules = (
			);
			dependencies = (
			);
			name = "iOS Test - Rashed Nizam";
			productName = "iOS Test - Rashed Nizam";
			productReference = CE28B5D6208033F8006D9315 /* iOS Test - Rashed Nizam.app */;
			productType = "com.apple.product-type.application";
		};
/* End PBXNativeTarget section */

/* Begin PBXProject section */
		CE28B5CE208033F8006D9315 /* Project object */ = {
			isa = PBXProject;
			attributes = {
				LastSwiftUpdateCheck = 0930;
				LastUpgradeCheck = 0930;
				ORGANIZATIONNAME = "Rashed Nizam";
				TargetAttributes = {
					CE28B5D5208033F8006D9315 = {
						CreatedOnToolsVersion = 9.3;
					};
				};
			};
			buildConfigurationList = CE28B5D1208033F8006D9315 /* Build configuration list for PBXProject "iOS Test - Rashed Nizam" */;
			compatibilityVersion = "Xcode 9.3";
			developmentRegion = en;
			hasScannedForEncodings = 0;
			knownRegions = (
				en,
				Base,
			);
			mainGroup = CE28B5CD208033F8006D9315;
			productRefGroup = CE28B5D7208033F8006D9315 /* Products */;
			projectDirPath = "";
			projectRoot = "";
			targets = (
				CE28B5D5208033F8006D9315 /* iOS Test - Rashed Nizam */,
			);
		};
/* End PBXProject section */

/* Begin PBXResourcesBuildPhase section */
		CE28B5D4208033F8006D9315 /* Resources */ = {
			isa = PBXResourcesBuildPhase;
			buildActionMask = 2147483647;
			files = (
				CE28B5E4208033FB006D9315 /* LaunchScreen.storyboard in Resources */,
				CE28B5E1208033FB006D9315 /* Assets.xcassets in Resources */,
				CE28B5DF208033F8006D9315 /* Main.storyboard in Resources */,
			);
			runOnlyForDeploymentPostprocessing = 0;
		};
/* End PBXResourcesBuildPhase section */

/* Begin PBXSourcesBuildPhase section */
		CE28B5D2208033F8006D9315 /* Sources */ = {
			isa = PBXSourcesBuildPhase;
			buildActionMask = 2147483647;
			files = (
				CE28B5EE20806F99006D9315 /* UsernameDisparityViewController.swift in Sources */,
				CE28B5F42081EF73006D9315 /* MoneyCollection ViewController.swift in Sources */,
				CE28B5F620822BD9006D9315 /* PalindromeCounterViewController.swift in Sources */,
				CE28B5F820827009006D9315 /* MaxDifferenceInArrayViewController.swift in Sources */,
				CE28B5F02080D4B0006D9315 /* AdorableStringViewController.swift in Sources */,
				CE28B5FA20828C47006D9315 /* MagicalVowelsViewController.swift in Sources */,
				CE28B5DC208033F8006D9315 /* ViewController.swift in Sources */,
				CE28B5EC20803BD2006D9315 /* SuperStackViewController.swift in Sources */,
				CE28B5F22081BAC2006D9315 /* CuttingMetalSurplusViewController.swift in Sources */,
				CE28B5DA208033F8006D9315 /* AppDelegate.swift in Sources */,
			);
			runOnlyForDeploymentPostprocessing = 0;
		};
/* End PBXSourcesBuildPhase section */

/* Begin PBXVariantGroup section */
		CE28B5DD208033F8006D9315 /* Main.storyboard */ = {
			isa = PBXVariantGroup;
			children = (
				CE28B5DE208033F8006D9315 /* Base */,
			);
			name = Main.storyboard;
			sourceTree = "<group>";
		};
		CE28B5E2208033FB006D9315 /* LaunchScreen.storyboard */ = {
			isa = PBXVariantGroup;
			children = (
				CE28B5E3208033FB006D9315 /* Base */,
			);
			name = LaunchScreen.storyboard;
			sourceTree = "<group>";
		};
/* End PBXVariantGroup section */

/* Begin XCBuildConfiguration section */
		CE28B5E6208033FB006D9315 /* Debug */ = {
			isa = XCBuildConfiguration;
			buildSettings = {
				ALWAYS_SEARCH_USER_PATHS = NO;
				CLANG_ANALYZER_NONNULL = YES;
				CLANG_ANALYZER_NUMBER_OBJECT_CONVERSION = YES_AGGRESSIVE;
				CLANG_CXX_LANGUAGE_STANDARD = "gnu++14";
				CLANG_CXX_LIBRARY = "libc++";
				CLANG_ENABLE_MODULES = YES;
				CLANG_ENABLE_OBJC_ARC = YES;
				CLANG_ENABLE_OBJC_WEAK = YES;
				CLANG_WARN_BLOCK_CAPTURE_AUTORELEASING = YES;
				CLANG_WARN_BOOL_CONVERSION = YES;
				CLANG_WARN_COMMA = YES;
				CLANG_WARN_CONSTANT_CONVERSION = YES;
				CLANG_WARN_DEPRECATED_OBJC_IMPLEMENTATIONS = YES;
				CLANG_WARN_DIRECT_OBJC_ISA_USAGE = YES_ERROR;
				CLANG_WARN_DOCUMENTATION_COMMENTS = YES;
				CLANG_WARN_EMPTY_BODY = YES;
				CLANG_WARN_ENUM_CONVERSION = YES;
				CLANG_WARN_INFINITE_RECURSION = YES;
				CLANG_WARN_INT_CONVERSION = YES;
				CLANG_WARN_NON_LITERAL_NULL_CONVERSION = YES;
				CLANG_WARN_OBJC_IMPLICIT_RETAIN_SELF = YES;
				CLANG_WARN_OBJC_LITERAL_CONVERSION = YES;
				CLANG_WARN_OBJC_ROOT_CLASS = YES_ERROR;
				CLANG_WARN_RANGE_LOOP_ANALYSIS = YES;
				CLANG_WARN_STRICT_PROTOTYPES = YES;
				CLANG_WARN_SUSPICIOUS_MOVE = YES;
				CLANG_WARN_UNGUARDED_AVAILABILITY = YES_AGGRESSIVE;
				CLANG_WARN_UNREACHABLE_CODE = YES;
				CLANG_WARN__DUPLICATE_METHOD_MATCH = YES;
				CODE_SIGN_IDENTITY = "iPhone Developer";
				COPY_PHASE_STRIP = NO;
				DEBUG_INFORMATION_FORMAT = dwarf;
				ENABLE_STRICT_OBJC_MSGSEND = YES;
				ENABLE_TESTABILITY = YES;
				GCC_C_LANGUAGE_STANDARD = gnu11;
				GCC_DYNAMIC_NO_PIC = NO;
				GCC_NO_COMMON_BLOCKS = YES;
				GCC_OPTIMIZATION_LEVEL = 0;
				GCC_PREPROCESSOR_DEFINITIONS = (
					"DEBUG=1",
					"$(inherited)",
				);
				GCC_WARN_64_TO_32_BIT_CONVERSION = YES;
				GCC_WARN_ABOUT_RETURN_TYPE = YES_ERROR;
				GCC_WARN_UNDECLARED_SELECTOR = YES;
				GCC_WARN_UNINITIALIZED_AUTOS = YES_AGGRESSIVE;
				GCC_WARN_UNUSED_FUNCTION = YES;
				GCC_WARN_UNUSED_VARIABLE = YES;
				IPHONEOS_DEPLOYMENT_TARGET = 11.3;
				MTL_ENABLE_DEBUG_INFO = YES;
				ONLY_ACTIVE_ARCH = YES;
				SDKROOT = iphoneos;
				SWIFT_ACTIVE_COMPILATION_CONDITIONS = DEBUG;
				SWIFT_OPTIMIZATION_LEVEL = "-Onone";
			};
			name = Debug;
		};
		CE28B5E7208033FB006D9315 /* Release */ = {
			isa = XCBuildConfiguration;
			buildSettings = {
				ALWAYS_SEARCH_USER_PATHS = NO;
				CLANG_ANALYZER_NONNULL = YES;
				CLANG_ANALYZER_NUMBER_OBJECT_CONVERSION = YES_AGGRESSIVE;
				CLANG_CXX_LANGUAGE_STANDARD = "gnu++14";
				CLANG_CXX_LIBRARY = "libc++";
				CLANG_ENABLE_MODULES = YES;
				CLANG_ENABLE_OBJC_ARC = YES;
				CLANG_ENABLE_OBJC_WEAK = YES;
				CLANG_WARN_BLOCK_CAPTURE_AUTORELEASING = YES;
				CLANG_WARN_BOOL_CONVERSION = YES;
				CLANG_WARN_COMMA = YES;
				CLANG_WARN_CONSTANT_CONVERSION = YES;
				CLANG_WARN_DEPRECATED_OBJC_IMPLEMENTATIONS = YES;
				CLANG_WARN_DIRECT_OBJC_ISA_USAGE = YES_ERROR;
				CLANG_WARN_DOCUMENTATION_COMMENTS = YES;
				CLANG_WARN_EMPTY_BODY = YES;
				CLANG_WARN_ENUM_CONVERSION = YES;
				CLANG_WARN_INFINITE_RECURSION = YES;
				CLANG_WARN_INT_CONVERSION = YES;
				CLANG_WARN_NON_LITERAL_NULL_CONVERSION = YES;
				CLANG_WARN_OBJC_IMPLICIT_RETAIN_SELF = YES;
				CLANG_WARN_OBJC_LITERAL_CONVERSION = YES;
				CLANG_WARN_OBJC_ROOT_CLASS = YES_ERROR;
				CLANG_WARN_RANGE_LOOP_ANALYSIS = YES;
				CLANG_WARN_STRICT_PROTOTYPES = YES;
				CLANG_WARN_SUSPICIOUS_MOVE = YES;
				CLANG_WARN_UNGUARDED_AVAILABILITY = YES_AGGRESSIVE;
				CLANG_WARN_UNREACHABLE_CODE = YES;
				CLANG_WARN__DUPLICATE_METHOD_MATCH = YES;
				CODE_SIGN_IDENTITY = "iPhone Developer";
				COPY_PHASE_STRIP = NO;
				DEBUG_INFORMATION_FORMAT = "dwarf-with-dsym";
				ENABLE_NS_ASSERTIONS = NO;
				ENABLE_STRICT_OBJC_MSGSEND = YES;
				GCC_C_LANGUAGE_STANDARD = gnu11;
				GCC_NO_COMMON_BLOCKS = YES;
				GCC_WARN_64_TO_32_BIT_CONVERSION = YES;
				GCC_WARN_ABOUT_RETURN_TYPE = YES_ERROR;
				GCC_WARN_UNDECLARED_SELECTOR = YES;
				GCC_WARN_UNINITIALIZED_AUTOS = YES_AGGRESSIVE;
				GCC_WARN_UNUSED_FUNCTION = YES;
				GCC_WARN_UNUSED_VARIABLE = YES;
				IPHONEOS_DEPLOYMENT_TARGET = 11.3;
				MTL_ENABLE_DEBUG_INFO = NO;
				SDKROOT = iphoneos;
				SWIFT_COMPILATION_MODE = wholemodule;
				SWIFT_OPTIMIZATION_LEVEL = "-O";
				VALIDATE_PRODUCT = YES;
			};
			name = Release;
		};
		CE28B5E9208033FB006D9315 /* Debug */ = {
			isa = XCBuildConfiguration;
			buildSettings = {
				ASSETCATALOG_COMPILER_APPICON_NAME = AppIcon;
				CODE_SIGN_STYLE = Automatic;
				INFOPLIST_FILE = "iOS Test - Rashed Nizam/Info.plist";
				IPHONEOS_DEPLOYMENT_TARGET = 11.3;
				LD_RUNPATH_SEARCH_PATHS = (
					"$(inherited)",
					"@executable_path/Frameworks",
				);
				PRODUCT_BUNDLE_IDENTIFIER = "com.yourcompanyname.iOS-Test---Rashed-Nizam";
				PRODUCT_NAME = "$(TARGET_NAME)";
				SWIFT_VERSION = 4.0;
				TARGETED_DEVICE_FAMILY = "1,2";
			};
			name = Debug;
		};
		CE28B5EA208033FB006D9315 /* Release */ = {
			isa = XCBuildConfiguration;
			buildSettings = {
				ASSETCATALOG_COMPILER_APPICON_NAME = AppIcon;
				CODE_SIGN_STYLE = Automatic;
				INFOPLIST_FILE = "iOS Test - Rashed Nizam/Info.plist";
				IPHONEOS_DEPLOYMENT_TARGET = 11.3;
				LD_RUNPATH_SEARCH_PATHS = (
					"$(inherited)",
					"@executable_path/Frameworks",
				);
				PRODUCT_BUNDLE_IDENTIFIER = "com.yourcompanyname.iOS-Test---Rashed-Nizam";
				PRODUCT_NAME = "$(TARGET_NAME)";
				SWIFT_VERSION = 4.0;
				TARGETED_DEVICE_FAMILY = "1,2";
			};
			name = Release;
		};
/* End XCBuildConfiguration section */

/* Begin XCConfigurationList section */
		CE28B5D1208033F8006D9315 /* Build configuration list for PBXProject "iOS Test - Rashed Nizam" */ = {
			isa = XCConfigurationList;
			buildConfigurations = (
				CE28B5E6208033FB006D9315 /* Debug */,
				CE28B5E7208033FB006D9315 /* Release */,
			);
			defaultConfigurationIsVisible = 0;
			defaultConfigurationName = Release;
		};
		CE28B5E8208033FB006D9315 /* Build configuration list for PBXNativeTarget "iOS Test - Rashed Nizam" */ = {
			isa = XCConfigurationList;
			buildConfigurations = (
				CE28B5E9208033FB006D9315 /* Debug */,
				CE28B5EA208033FB006D9315 /* Release */,
			);
			defaultConfigurationIsVisible = 0;
			defaultConfigurationName = Release;
		};
/* End XCConfigurationList section */
	};
	rootObject = CE28B5CE208033F8006D9315 /* Project object */;
}
